
Microsoft Visual Studio Solution File, Format Version 12.00
# Visual Studio Version 16
VisualStudioVersion = 16.0.31321.278
MinimumVisualStudioVersion = 10.0.40219.1
Project("{9A19103F-16F7-4668-BE54-9A1E7A4F7556}") = "RD_XT_NET_WEB_CI", "RD_XT_NET_WEB_CI\RD_XT_NET_WEB_CI.csproj", "{44139463-0B16-45CE-B9E1-2AD842EEB995}"
EndProject
Project("{9A19103F-16F7-4668-BE54-9A1E7A4F7556}") = "RD_XT_NET_WEB_CI_UNIT_TESTS", "RD_XT_NET_WEB_CI_UNIT_TESTS\RD_XT_NET_WEB_CI_UNIT_TESTS.csproj", "{981B0732-E371-4379-9231-EC5A26D65B64}"
EndProject
Global
	GlobalSection(SolutionConfigurationPlatforms) = preSolution
		Debug|Any CPU = Debug|Any CPU
		Release|Any CPU = Release|Any CPU
	EndGlobalSection
	GlobalSection(ProjectConfigurationPlatforms) = postSolution
		{44139463-0B16-45CE-B9E1-2AD842EEB995}.Debug|Any CPU.ActiveCfg = Debug|Any CPU
		{44139463-0B16-45CE-B9E1-2AD842EEB995}.Debug|Any CPU.Build.0 = Debug|Any CPU
		{44139463-0B16-45CE-B9E1-2AD842EEB995}.Release|Any CPU.ActiveCfg = Release|Any CPU
		{44139463-0B16-45CE-B9E1-2AD842EEB995}.Release|Any CPU.Build.0 = Release|Any CPU
		{981B0732-E371-4379-9231-EC5A26D65B64}.Debug|Any CPU.ActiveCfg = Debug|Any CPU
		{981B0732-E371-4379-9231-EC5A26D65B64}.Debug|Any CPU.Build.0 = Debug|Any CPU
		{981B0732-E371-4379-9231-EC5A26D65B64}.Release|Any CPU.ActiveCfg = Release|Any CPU
		{981B0732-E371-4379-9231-EC5A26D65B64}.Release|Any CPU.Build.0 = Release|Any CPU
	EndGlobalSection
	GlobalSection(SolutionProperties) = preSolution
		HideSolutionNode = FALSE
	EndGlobalSection
	GlobalSection(ExtensibilityGlobals) = postSolution
		SolutionGuid = {1680222C-C5A1-42FA-88EE-54FC9FF4EE8B}
	EndGlobalSection
EndGlobal
